
Microsoft Visual Studio Solution File, Format Version 12.00
# Visual Studio Version 17
VisualStudioVersion = 17.4.33213.308
MinimumVisualStudioVersion = 10.0.40219.1
Project("{FAE04EC0-301F-11D3-BF4B-00C04F79EFBC}") = "TCPServer", "TCPServer\TCPServer.csproj", "{4836302E-F2C6-443C-BB3C-BBB1ECC4EF10}"
EndProject
Global
	GlobalSection(SolutionConfigurationPlatforms) = preSolution
		Debug|Any CPU = Debug|Any CPU
		Release|Any CPU = Release|Any CPU
	EndGlobalSection
	GlobalSection(ProjectConfigurationPlatforms) = postSolution
		{4836302E-F2C6-443C-BB3C-BBB1ECC4EF10}.Debug|Any CPU.ActiveCfg = Debug|Any CPU
		{4836302E-F2C6-443C-BB3C-BBB1ECC4EF10}.Debug|Any CPU.Build.0 = Debug|Any CPU
		{4836302E-F2C6-443C-BB3C-BBB1ECC4EF10}.Release|Any CPU.ActiveCfg = Release|Any CPU
		{4836302E-F2C6-443C-BB3C-BBB1ECC4EF10}.Release|Any CPU.Build.0 = Release|Any CPU
	EndGlobalSection
	GlobalSection(SolutionProperties) = preSolution
		HideSolutionNode = FALSE
	EndGlobalSection
	GlobalSection(ExtensibilityGlobals) = postSolution
		SolutionGuid = {9354072D-DD24-49BD-9ED8-A409CCEBCA7E}
	EndGlobalSection
EndGlobal
